{
  "name": "htmx-ext-skeleton",
  "version": "0.1.1",
  "lockfileVersion": 3,
  "requires": true,
  "packages": {
    "": {
      "name": "htmx-ext-skeleton",
      "version": "0.1.1",
      "license": "MIT",
      "peerDependencies": {
        "htmx.org": ">=1.9.0"
      }
    },
    "node_modules/htmx.org": {
      "version": "2.0.7",
      "resolved": "https://registry.npmjs.org/htmx.org/-/htmx.org-2.0.7.tgz",
      "integrity": "sha512-YiJqF3U5KyO28VC5mPfehKJPF+n1Gni+cupK+D69TF0nm7wY6AXn3a4mPWIikfAXtl1u1F1+ZhSCS7KT8pVmqA==",
      "license": "0BSD",
      "peer": true
    }
  }
}
